{
  "name": "kv-to-stream",
  "version": "1.0.0",
  "lockfileVersion": 3,
  "requires": true,
  "packages": {
    "": {
      "name": "kv-to-stream",
      "version": "1.0.0",
      "license": "MIT",
      "dependencies": {
        "ext-to-mime": "github:reedhewitt/ext-to-mime",
        "stream-search-replace": "github:reedhewitt/stream-search-replace"
      }
    },
    "node_modules/ext-to-mime": {
      "version": "1.0.2",
      "resolved": "git+ssh://git@github.com/reedhewitt/ext-to-mime.git#efd6a23790221b5df23651db3c102d978deb8b2a",
      "license": "MIT"
    },
    "node_modules/stream-search-replace": {
      "version": "1.0.0",
      "resolved": "git+ssh://git@github.com/reedhewitt/stream-search-replace.git#d336fce2694dc971fae1c19af4673c2adff04c79",
      "license": "MIT"
    }
  }
}
